
Microsoft Visual Studio Solution File, Format Version 12.00
# SQL Server Management Studio Version 22
VisualStudioVersion = 18.5.11723.231
MinimumVisualStudioVersion = 10.0.40219.1
Project("{FAE04EC0-301F-11D3-BF4B-00C04F79EFBC}") = "quanlybanhang-nmcnpm", "quanlybanhang-nmcnpm.csproj", "{BC49D988-2168-1265-F1E2-C593DEB18720}"
EndProject
Project("{FAE04EC0-301F-11D3-BF4B-00C04F79EFBC}") = "quanlybanhang-nmcnpm.Tests", "quanlybanhang-nmcnpm.Tests\quanlybanhang-nmcnpm.Tests.csproj", "{5FA47D76-9D17-4787-86D7-24AAF44D9310}"
EndProject
Global
	GlobalSection(SolutionConfigurationPlatforms) = preSolution
		Debug|Any CPU = Debug|Any CPU
		Debug|x64 = Debug|x64
		Debug|x86 = Debug|x86
		Release|Any CPU = Release|Any CPU
		Release|x64 = Release|x64
		Release|x86 = Release|x86
	EndGlobalSection
	GlobalSection(ProjectConfigurationPlatforms) = postSolution
		{BC49D988-2168-1265-F1E2-C593DEB18720}.Debug|Any CPU.ActiveCfg = Debug|Any CPU
		{BC49D988-2168-1265-F1E2-C593DEB18720}.Debug|Any CPU.Build.0 = Debug|Any CPU
		{BC49D988-2168-1265-F1E2-C593DEB18720}.Debug|x64.ActiveCfg = Debug|Any CPU
		{BC49D988-2168-1265-F1E2-C593DEB18720}.Debug|x64.Build.0 = Debug|Any CPU
		{BC49D988-2168-1265-F1E2-C593DEB18720}.Debug|x86.ActiveCfg = Debug|Any CPU
		{BC49D988-2168-1265-F1E2-C593DEB18720}.Debug|x86.Build.0 = Debug|Any CPU
		{BC49D988-2168-1265-F1E2-C593DEB18720}.Release|Any CPU.ActiveCfg = Release|Any CPU
		{BC49D988-2168-1265-F1E2-C593DEB18720}.Release|Any CPU.Build.0 = Release|Any CPU
		{BC49D988-2168-1265-F1E2-C593DEB18720}.Release|x64.ActiveCfg = Release|Any CPU
		{BC49D988-2168-1265-F1E2-C593DEB18720}.Release|x64.Build.0 = Release|Any CPU
		{BC49D988-2168-1265-F1E2-C593DEB18720}.Release|x86.ActiveCfg = Release|Any CPU
		{BC49D988-2168-1265-F1E2-C593DEB18720}.Release|x86.Build.0 = Release|Any CPU
		{5FA47D76-9D17-4787-86D7-24AAF44D9310}.Debug|Any CPU.ActiveCfg = Debug|Any CPU
		{5FA47D76-9D17-4787-86D7-24AAF44D9310}.Debug|Any CPU.Build.0 = Debug|Any CPU
		{5FA47D76-9D17-4787-86D7-24AAF44D9310}.Debug|x64.ActiveCfg = Debug|Any CPU
		{5FA47D76-9D17-4787-86D7-24AAF44D9310}.Debug|x64.Build.0 = Debug|Any CPU
		{5FA47D76-9D17-4787-86D7-24AAF44D9310}.Debug|x86.ActiveCfg = Debug|Any CPU
		{5FA47D76-9D17-4787-86D7-24AAF44D9310}.Debug|x86.Build.0 = Debug|Any CPU
		{5FA47D76-9D17-4787-86D7-24AAF44D9310}.Release|Any CPU.ActiveCfg = Release|Any CPU
		{5FA47D76-9D17-4787-86D7-24AAF44D9310}.Release|Any CPU.Build.0 = Release|Any CPU
		{5FA47D76-9D17-4787-86D7-24AAF44D9310}.Release|x64.ActiveCfg = Release|Any CPU
		{5FA47D76-9D17-4787-86D7-24AAF44D9310}.Release|x64.Build.0 = Release|Any CPU
		{5FA47D76-9D17-4787-86D7-24AAF44D9310}.Release|x86.ActiveCfg = Release|Any CPU
		{5FA47D76-9D17-4787-86D7-24AAF44D9310}.Release|x86.Build.0 = Release|Any CPU
	EndGlobalSection
	GlobalSection(SolutionProperties) = preSolution
		HideSolutionNode = FALSE
	EndGlobalSection
	GlobalSection(ExtensibilityGlobals) = postSolution
		SolutionGuid = {F7990F2E-FB3C-43B4-8419-62AF2248BD97}
	EndGlobalSection
EndGlobal
